
Microsoft Visual Studio Solution File, Format Version 12.00
# Visual Studio Version 17
VisualStudioVersion = 17.11.35327.3
MinimumVisualStudioVersion = 10.0.40219.1
Project("{2150E333-8FDC-42A3-9474-1A3956D46DE8}") = "Solution Items", "Solution Items", "{23161013-A3A2-4E7E-A640-01FA48600F32}"
	ProjectSection(SolutionItems) = preProject
		.editorconfig = .editorconfig
		LICENSE = LICENSE
		README.md = README.md
		ScratchPad.cs = ScratchPad.cs
	EndProjectSection
EndProject
Project("{9A19103F-16F7-4668-BE54-9A1E7A4F7556}") = "Day01", "Day01\Day01.csproj", "{B3C5D439-9261-47F5-AD07-D802C3B7A63D}"
EndProject
Project("{9A19103F-16F7-4668-BE54-9A1E7A4F7556}") = "Day02", "Day02\Day02.csproj", "{5F2D933E-C8B5-48B0-A95A-9F7A9B19C43D}"
EndProject
Project("{9A19103F-16F7-4668-BE54-9A1E7A4F7556}") = "Day03", "Day03\Day03.csproj", "{5044B9B6-AB15-4EDE-942A-D7B04EF2D1E9}"
EndProject
Project("{9A19103F-16F7-4668-BE54-9A1E7A4F7556}") = "Day04", "Day04\Day04.csproj", "{6DE59E53-ECFF-4827-A274-8DC95FE45A50}"
EndProject
Project("{FAE04EC0-301F-11D3-BF4B-00C04F79EFBC}") = "Day05", "Day05\Day05.csproj", "{0B297F89-6A67-4318-AF45-BA2443126B52}"
EndProject
Project("{FAE04EC0-301F-11D3-BF4B-00C04F79EFBC}") = "Day06", "Day06\Day06.csproj", "{7436EE67-C5FE-4A34-804A-CC00C85BE753}"
EndProject
Project("{FAE04EC0-301F-11D3-BF4B-00C04F79EFBC}") = "Day07", "Day07\Day07.csproj", "{AFDA9624-10AB-4019-923B-50F86939A2ED}"
EndProject
Project("{FAE04EC0-301F-11D3-BF4B-00C04F79EFBC}") = "Day08", "Day08\Day08.csproj", "{1D95198B-CFA2-49AF-A75C-34D78080DFB6}"
EndProject
Project("{FAE04EC0-301F-11D3-BF4B-00C04F79EFBC}") = "Day09", "Day09\Day09.csproj", "{4A8CBD98-928F-47D6-B099-3CA75D36DD66}"
EndProject
Project("{FAE04EC0-301F-11D3-BF4B-00C04F79EFBC}") = "Day10", "Day10\Day10.csproj", "{75595467-1BE8-4C2E-A926-C71FC2C77F00}"
EndProject
Project("{FAE04EC0-301F-11D3-BF4B-00C04F79EFBC}") = "Day11", "Day11\Day11.csproj", "{1E87BC8F-752C-4F90-829F-27E42EB4E55C}"
EndProject
Project("{FAE04EC0-301F-11D3-BF4B-00C04F79EFBC}") = "Day12", "Day12\Day12.csproj", "{AE87A829-7640-4627-A0F4-667A4A50240E}"
EndProject
Project("{FAE04EC0-301F-11D3-BF4B-00C04F79EFBC}") = "Day13", "Day13\Day13.csproj", "{E4757F1F-3AA5-47C5-8E2F-2F0D64BCC25D}"
EndProject
Project("{FAE04EC0-301F-11D3-BF4B-00C04F79EFBC}") = "Day14", "Day14\Day14.csproj", "{6525B857-4EE7-4750-8170-810CE23FE528}"
EndProject
Project("{FAE04EC0-301F-11D3-BF4B-00C04F79EFBC}") = "Day15", "Day15\Day15.csproj", "{084091BB-97ED-4E47-8178-B7B2B2479B5A}"
EndProject
Project("{FAE04EC0-301F-11D3-BF4B-00C04F79EFBC}") = "Day16", "Day16\Day16.csproj", "{AAA54CDA-60F2-4A79-A17E-714F91A3825B}"
EndProject
Global
	GlobalSection(SolutionConfigurationPlatforms) = preSolution
		Debug|Any CPU = Debug|Any CPU
		Release|Any CPU = Release|Any CPU
	EndGlobalSection
	GlobalSection(ProjectConfigurationPlatforms) = postSolution
		{B3C5D439-9261-47F5-AD07-D802C3B7A63D}.Debug|Any CPU.ActiveCfg = Debug|Any CPU
		{B3C5D439-9261-47F5-AD07-D802C3B7A63D}.Debug|Any CPU.Build.0 = Debug|Any CPU
		{B3C5D439-9261-47F5-AD07-D802C3B7A63D}.Release|Any CPU.ActiveCfg = Release|Any CPU
		{B3C5D439-9261-47F5-AD07-D802C3B7A63D}.Release|Any CPU.Build.0 = Release|Any CPU
		{5F2D933E-C8B5-48B0-A95A-9F7A9B19C43D}.Debug|Any CPU.ActiveCfg = Debug|Any CPU
		{5F2D933E-C8B5-48B0-A95A-9F7A9B19C43D}.Debug|Any CPU.Build.0 = Debug|Any CPU
		{5F2D933E-C8B5-48B0-A95A-9F7A9B19C43D}.Release|Any CPU.ActiveCfg = Release|Any CPU
		{5F2D933E-C8B5-48B0-A95A-9F7A9B19C43D}.Release|Any CPU.Build.0 = Release|Any CPU
		{5044B9B6-AB15-4EDE-942A-D7B04EF2D1E9}.Debug|Any CPU.ActiveCfg = Debug|Any CPU
		{5044B9B6-AB15-4EDE-942A-D7B04EF2D1E9}.Debug|Any CPU.Build.0 = Debug|Any CPU
		{5044B9B6-AB15-4EDE-942A-D7B04EF2D1E9}.Release|Any CPU.ActiveCfg = Release|Any CPU
		{5044B9B6-AB15-4EDE-942A-D7B04EF2D1E9}.Release|Any CPU.Build.0 = Release|Any CPU
		{6DE59E53-ECFF-4827-A274-8DC95FE45A50}.Debug|Any CPU.ActiveCfg = Debug|Any CPU
		{6DE59E53-ECFF-4827-A274-8DC95FE45A50}.Debug|Any CPU.Build.0 = Debug|Any CPU
		{6DE59E53-ECFF-4827-A274-8DC95FE45A50}.Release|Any CPU.ActiveCfg = Release|Any CPU
		{6DE59E53-ECFF-4827-A274-8DC95FE45A50}.Release|Any CPU.Build.0 = Release|Any CPU
		{0B297F89-6A67-4318-AF45-BA2443126B52}.Debug|Any CPU.ActiveCfg = Debug|Any CPU
		{0B297F89-6A67-4318-AF45-BA2443126B52}.Debug|Any CPU.Build.0 = Debug|Any CPU
		{0B297F89-6A67-4318-AF45-BA2443126B52}.Release|Any CPU.ActiveCfg = Release|Any CPU
		{0B297F89-6A67-4318-AF45-BA2443126B52}.Release|Any CPU.Build.0 = Release|Any CPU
		{7436EE67-C5FE-4A34-804A-CC00C85BE753}.Debug|Any CPU.ActiveCfg = Debug|Any CPU
		{7436EE67-C5FE-4A34-804A-CC00C85BE753}.Debug|Any CPU.Build.0 = Debug|Any CPU
		{7436EE67-C5FE-4A34-804A-CC00C85BE753}.Release|Any CPU.ActiveCfg = Release|Any CPU
		{7436EE67-C5FE-4A34-804A-CC00C85BE753}.Release|Any CPU.Build.0 = Release|Any CPU
		{AFDA9624-10AB-4019-923B-50F86939A2ED}.Debug|Any CPU.ActiveCfg = Debug|Any CPU
		{AFDA9624-10AB-4019-923B-50F86939A2ED}.Debug|Any CPU.Build.0 = Debug|Any CPU
		{AFDA9624-10AB-4019-923B-50F86939A2ED}.Release|Any CPU.ActiveCfg = Release|Any CPU
		{AFDA9624-10AB-4019-923B-50F86939A2ED}.Release|Any CPU.Build.0 = Release|Any CPU
		{1D95198B-CFA2-49AF-A75C-34D78080DFB6}.Debug|Any CPU.ActiveCfg = Debug|Any CPU
		{1D95198B-CFA2-49AF-A75C-34D78080DFB6}.Debug|Any CPU.Build.0 = Debug|Any CPU
		{1D95198B-CFA2-49AF-A75C-34D78080DFB6}.Release|Any CPU.ActiveCfg = Release|Any CPU
		{1D95198B-CFA2-49AF-A75C-34D78080DFB6}.Release|Any CPU.Build.0 = Release|Any CPU
		{4A8CBD98-928F-47D6-B099-3CA75D36DD66}.Debug|Any CPU.ActiveCfg = Debug|Any CPU
		{4A8CBD98-928F-47D6-B099-3CA75D36DD66}.Debug|Any CPU.Build.0 = Debug|Any CPU
		{4A8CBD98-928F-47D6-B099-3CA75D36DD66}.Release|Any CPU.ActiveCfg = Release|Any CPU
		{4A8CBD98-928F-47D6-B099-3CA75D36DD66}.Release|Any CPU.Build.0 = Release|Any CPU
		{75595467-1BE8-4C2E-A926-C71FC2C77F00}.Debug|Any CPU.ActiveCfg = Debug|Any CPU
		{75595467-1BE8-4C2E-A926-C71FC2C77F00}.Debug|Any CPU.Build.0 = Debug|Any CPU
		{75595467-1BE8-4C2E-A926-C71FC2C77F00}.Release|Any CPU.ActiveCfg = Release|Any CPU
		{75595467-1BE8-4C2E-A926-C71FC2C77F00}.Release|Any CPU.Build.0 = Release|Any CPU
		{1E87BC8F-752C-4F90-829F-27E42EB4E55C}.Debug|Any CPU.ActiveCfg = Debug|Any CPU
		{1E87BC8F-752C-4F90-829F-27E42EB4E55C}.Debug|Any CPU.Build.0 = Debug|Any CPU
		{1E87BC8F-752C-4F90-829F-27E42EB4E55C}.Release|Any CPU.ActiveCfg = Release|Any CPU
		{1E87BC8F-752C-4F90-829F-27E42EB4E55C}.Release|Any CPU.Build.0 = Release|Any CPU
		{AE87A829-7640-4627-A0F4-667A4A50240E}.Debug|Any CPU.ActiveCfg = Debug|Any CPU
		{AE87A829-7640-4627-A0F4-667A4A50240E}.Debug|Any CPU.Build.0 = Debug|Any CPU
		{AE87A829-7640-4627-A0F4-667A4A50240E}.Release|Any CPU.ActiveCfg = Release|Any CPU
		{AE87A829-7640-4627-A0F4-667A4A50240E}.Release|Any CPU.Build.0 = Release|Any CPU
		{E4757F1F-3AA5-47C5-8E2F-2F0D64BCC25D}.Debug|Any CPU.ActiveCfg = Debug|Any CPU
		{E4757F1F-3AA5-47C5-8E2F-2F0D64BCC25D}.Debug|Any CPU.Build.0 = Debug|Any CPU
		{E4757F1F-3AA5-47C5-8E2F-2F0D64BCC25D}.Release|Any CPU.ActiveCfg = Release|Any CPU
		{E4757F1F-3AA5-47C5-8E2F-2F0D64BCC25D}.Release|Any CPU.Build.0 = Release|Any CPU
		{6525B857-4EE7-4750-8170-810CE23FE528}.Debug|Any CPU.ActiveCfg = Debug|Any CPU
		{6525B857-4EE7-4750-8170-810CE23FE528}.Debug|Any CPU.Build.0 = Debug|Any CPU
		{6525B857-4EE7-4750-8170-810CE23FE528}.Release|Any CPU.ActiveCfg = Release|Any CPU
		{6525B857-4EE7-4750-8170-810CE23FE528}.Release|Any CPU.Build.0 = Release|Any CPU
		{084091BB-97ED-4E47-8178-B7B2B2479B5A}.Debug|Any CPU.ActiveCfg = Debug|Any CPU
		{084091BB-97ED-4E47-8178-B7B2B2479B5A}.Debug|Any CPU.Build.0 = Debug|Any CPU
		{084091BB-97ED-4E47-8178-B7B2B2479B5A}.Release|Any CPU.ActiveCfg = Release|Any CPU
		{084091BB-97ED-4E47-8178-B7B2B2479B5A}.Release|Any CPU.Build.0 = Release|Any CPU
		{AAA54CDA-60F2-4A79-A17E-714F91A3825B}.Debug|Any CPU.ActiveCfg = Debug|Any CPU
		{AAA54CDA-60F2-4A79-A17E-714F91A3825B}.Debug|Any CPU.Build.0 = Debug|Any CPU
		{AAA54CDA-60F2-4A79-A17E-714F91A3825B}.Release|Any CPU.ActiveCfg = Release|Any CPU
		{AAA54CDA-60F2-4A79-A17E-714F91A3825B}.Release|Any CPU.Build.0 = Release|Any CPU
	EndGlobalSection
	GlobalSection(SolutionProperties) = preSolution
		HideSolutionNode = FALSE
	EndGlobalSection
	GlobalSection(ExtensibilityGlobals) = postSolution
		SolutionGuid = {277BAB2D-B204-40E4-9C10-37B5E4F37BBD}
	EndGlobalSection
EndGlobal
